# This file is generated by running "yarn install" inside your project.
# Manual changes might be lost - proceed with caution!

__metadata:
  version: 6
  cacheKey: 8

"@types/node@npm:^16.11.26":
  version: 16.11.26
  resolution: "@types/node@npm:16.11.26"
  checksum: 57757caaba3f0d95de82198cb276a1002c49b710108c932a1d02d7c91ff2fa57cfe2dd19fde60853b6dd90b0964b3cf35557981d2628e20aed6a909057aedfe6
  languageName: node
  linkType: hard

"nix-yarn-template@workspace:.":
  version: 0.0.0-use.local
  resolution: "nix-yarn-template@workspace:."
  dependencies:
    "@types/node": ^16.11.26
    typescript: ^4.6.2
  languageName: unknown
  linkType: soft

"typescript@npm:^4.6.2":
  version: 4.6.2
  resolution: "typescript@npm:4.6.2"
  bin:
    tsc: bin/tsc
    tsserver: bin/tsserver
  checksum: 8a44ed7e6f6c4cb1ebe8cf236ecda2fb119d84dcf0fbd77e707b2dfea1bbcfc4e366493a143513ce7f57203c75da9d4e20af6fe46de89749366351046be7577c
  languageName: node
  linkType: hard

"typescript@patch:typescript@^4.6.2#~builtin<compat/typescript>":
  version: 4.6.2
  resolution: "typescript@patch:typescript@npm%3A4.6.2#~builtin<compat/typescript>::version=4.6.2&hash=bda367"
  bin:
    tsc: bin/tsc
    tsserver: bin/tsserver
  checksum: 40b493a71747fb89fa70df104e2c4a5e284b43750af5bea024090a5261cefa387f7a9372411b13030f7bf5555cee4275443d08805642ae5c74ef76740854a4c7
  languageName: node
  linkType: hard
